{
  "object": {
    "pins": [
      {
        "package": "Alamofire",
        "repositoryURL": "https://github.com/Alamofire/Alamofire.git",
        "state": {
          "branch": null,
          "revision": "d120af1e8638c7da36c8481fd61a66c0c08dc4fc",
          "version": "5.4.4"
        }
      },
      {
        "package": "CoreStore",
        "repositoryURL": "https://github.com/JohnEstropia/CoreStore",
        "state": {
          "branch": null,
          "revision": "496145761ab30e8cf1c44220c0882b95e6b41077",
          "version": "8.1.0"
        }
      },
      {
        "package": "Kingfisher",
        "repositoryURL": "https://github.com/onevcat/Kingfisher.git",
        "state": {
          "branch": null,
          "revision": "630cc7e82f2f0b4c6c3950e78c4b8b559008a023",
          "version": "7.1.0"
        }
      },
      {
        "package": "Reachability",
        "repositoryURL": "https://github.com/ashleymills/Reachability.swift",
        "state": {
          "branch": null,
          "revision": "c01bbdf2d633cf049ae1ed1a68a2020a8bda32e2",
          "version": "5.1.0"
        }
      },
      {
        "package": "Reusable",
        "repositoryURL": "https://github.com/AliSoftware/Reusable.git",
        "state": {
          "branch": null,
          "revision": "18674709421360e210c2ecd4e8e08b217d4ea61d",
          "version": "4.1.2"
        }
      }
    ]
  },
  "version": 1
}
